
Microsoft Visual Studio Solution File, Format Version 12.00
# Visual Studio Version 16
VisualStudioVersion = 16.0.32126.315
MinimumVisualStudioVersion = 10.0.40219.1
Project("{2150E333-8FDC-42A3-9474-1A3956D46DE8}") = "source", "source", "{DB317E0F-78F0-40A8-BCEF-BC140975C2EA}"
EndProject
Project("{2150E333-8FDC-42A3-9474-1A3956D46DE8}") = "Data", "Data", "{0B55A96F-CE73-4AFE-919E-650B3543D0C9}"
EndProject
Project("{9A19103F-16F7-4668-BE54-9A1E7A4F7556}") = "Shared", "source\Shared\Shared.csproj", "{A40AEC63-3FF6-4101-A42F-1ADA548E094B}"
EndProject
Project("{2150E333-8FDC-42A3-9474-1A3956D46DE8}") = "Services", "Services", "{0B8BE90B-45B5-406E-9DE5-E264C4523FC7}"
EndProject
Project("{9A19103F-16F7-4668-BE54-9A1E7A4F7556}") = "Service.Navigation", "source\Services\Service.Navigation\Service.Navigation.csproj", "{06D93E1B-C438-4FC1-B388-B551CFA97C69}"
EndProject
Project("{9A19103F-16F7-4668-BE54-9A1E7A4F7556}") = "Service.Storage", "source\Services\Service.Storage\Service.Storage.csproj", "{958AA37C-4FB6-45A5-AFBB-C964EBA86B79}"
EndProject
Project("{2150E333-8FDC-42A3-9474-1A3956D46DE8}") = "Explorer", "Explorer", "{9F9F4080-04F3-455B-90F4-0AD7523939D8}"
EndProject
Project("{9A19103F-16F7-4668-BE54-9A1E7A4F7556}") = "ExplorerApp", "source\Explorer\Application\ExplorerApp.csproj", "{AB1DC290-8D1F-4AE2-BE03-5F1D7BC366F9}"
EndProject
Project("{9A19103F-16F7-4668-BE54-9A1E7A4F7556}") = "Controls", "source\Controls\Controls.csproj", "{00EF210D-2729-4EFC-BC34-D6877FBD42BE}"
EndProject
Project("{9A19103F-16F7-4668-BE54-9A1E7A4F7556}") = "Plex", "..\..\..\..\AppData\Local\Aquilion\Resources\Themes\Plex\Plex.csproj", "{5E88237A-28E3-4B32-A9AA-494AED474F13}"
EndProject
Project("{FAE04EC0-301F-11D3-BF4B-00C04F79EFBC}") = "Explorer.Controls", "source\Explorer\Explorer.Controls\Explorer.Controls.csproj", "{5AD9A916-409A-4E90-A5B4-605FCE631EF3}"
EndProject
Project("{FAE04EC0-301F-11D3-BF4B-00C04F79EFBC}") = "Explorer.Common", "source\Explorer\Explorer.Common\Explorer.Common.csproj", "{02258871-3259-4F94-94EB-BA92768B32BE}"
EndProject
Global
	GlobalSection(SolutionConfigurationPlatforms) = preSolution
		Debug|Any CPU = Debug|Any CPU
		Release|Any CPU = Release|Any CPU
	EndGlobalSection
	GlobalSection(ProjectConfigurationPlatforms) = postSolution
		{A40AEC63-3FF6-4101-A42F-1ADA548E094B}.Debug|Any CPU.ActiveCfg = Debug|Any CPU
		{A40AEC63-3FF6-4101-A42F-1ADA548E094B}.Debug|Any CPU.Build.0 = Debug|Any CPU
		{A40AEC63-3FF6-4101-A42F-1ADA548E094B}.Release|Any CPU.ActiveCfg = Release|Any CPU
		{A40AEC63-3FF6-4101-A42F-1ADA548E094B}.Release|Any CPU.Build.0 = Release|Any CPU
		{06D93E1B-C438-4FC1-B388-B551CFA97C69}.Debug|Any CPU.ActiveCfg = Debug|Any CPU
		{06D93E1B-C438-4FC1-B388-B551CFA97C69}.Debug|Any CPU.Build.0 = Debug|Any CPU
		{06D93E1B-C438-4FC1-B388-B551CFA97C69}.Release|Any CPU.ActiveCfg = Release|Any CPU
		{06D93E1B-C438-4FC1-B388-B551CFA97C69}.Release|Any CPU.Build.0 = Release|Any CPU
		{958AA37C-4FB6-45A5-AFBB-C964EBA86B79}.Debug|Any CPU.ActiveCfg = Debug|Any CPU
		{958AA37C-4FB6-45A5-AFBB-C964EBA86B79}.Debug|Any CPU.Build.0 = Debug|Any CPU
		{958AA37C-4FB6-45A5-AFBB-C964EBA86B79}.Release|Any CPU.ActiveCfg = Release|Any CPU
		{958AA37C-4FB6-45A5-AFBB-C964EBA86B79}.Release|Any CPU.Build.0 = Release|Any CPU
		{AB1DC290-8D1F-4AE2-BE03-5F1D7BC366F9}.Debug|Any CPU.ActiveCfg = Debug|Any CPU
		{AB1DC290-8D1F-4AE2-BE03-5F1D7BC366F9}.Debug|Any CPU.Build.0 = Debug|Any CPU
		{AB1DC290-8D1F-4AE2-BE03-5F1D7BC366F9}.Release|Any CPU.ActiveCfg = Release|Any CPU
		{AB1DC290-8D1F-4AE2-BE03-5F1D7BC366F9}.Release|Any CPU.Build.0 = Release|Any CPU
		{00EF210D-2729-4EFC-BC34-D6877FBD42BE}.Debug|Any CPU.ActiveCfg = Debug|Any CPU
		{00EF210D-2729-4EFC-BC34-D6877FBD42BE}.Debug|Any CPU.Build.0 = Debug|Any CPU
		{00EF210D-2729-4EFC-BC34-D6877FBD42BE}.Release|Any CPU.ActiveCfg = Release|Any CPU
		{00EF210D-2729-4EFC-BC34-D6877FBD42BE}.Release|Any CPU.Build.0 = Release|Any CPU
		{5E88237A-28E3-4B32-A9AA-494AED474F13}.Debug|Any CPU.ActiveCfg = Debug|Any CPU
		{5E88237A-28E3-4B32-A9AA-494AED474F13}.Debug|Any CPU.Build.0 = Debug|Any CPU
		{5E88237A-28E3-4B32-A9AA-494AED474F13}.Release|Any CPU.ActiveCfg = Release|Any CPU
		{5E88237A-28E3-4B32-A9AA-494AED474F13}.Release|Any CPU.Build.0 = Release|Any CPU
		{5AD9A916-409A-4E90-A5B4-605FCE631EF3}.Debug|Any CPU.ActiveCfg = Debug|Any CPU
		{5AD9A916-409A-4E90-A5B4-605FCE631EF3}.Debug|Any CPU.Build.0 = Debug|Any CPU
		{5AD9A916-409A-4E90-A5B4-605FCE631EF3}.Release|Any CPU.ActiveCfg = Release|Any CPU
		{5AD9A916-409A-4E90-A5B4-605FCE631EF3}.Release|Any CPU.Build.0 = Release|Any CPU
		{02258871-3259-4F94-94EB-BA92768B32BE}.Debug|Any CPU.ActiveCfg = Debug|Any CPU
		{02258871-3259-4F94-94EB-BA92768B32BE}.Debug|Any CPU.Build.0 = Debug|Any CPU
		{02258871-3259-4F94-94EB-BA92768B32BE}.Release|Any CPU.ActiveCfg = Release|Any CPU
		{02258871-3259-4F94-94EB-BA92768B32BE}.Release|Any CPU.Build.0 = Release|Any CPU
	EndGlobalSection
	GlobalSection(SolutionProperties) = preSolution
		HideSolutionNode = FALSE
	EndGlobalSection
	GlobalSection(NestedProjects) = preSolution
		{A40AEC63-3FF6-4101-A42F-1ADA548E094B} = {DB317E0F-78F0-40A8-BCEF-BC140975C2EA}
		{0B8BE90B-45B5-406E-9DE5-E264C4523FC7} = {DB317E0F-78F0-40A8-BCEF-BC140975C2EA}
		{06D93E1B-C438-4FC1-B388-B551CFA97C69} = {0B8BE90B-45B5-406E-9DE5-E264C4523FC7}
		{958AA37C-4FB6-45A5-AFBB-C964EBA86B79} = {0B8BE90B-45B5-406E-9DE5-E264C4523FC7}
		{9F9F4080-04F3-455B-90F4-0AD7523939D8} = {DB317E0F-78F0-40A8-BCEF-BC140975C2EA}
		{AB1DC290-8D1F-4AE2-BE03-5F1D7BC366F9} = {9F9F4080-04F3-455B-90F4-0AD7523939D8}
		{00EF210D-2729-4EFC-BC34-D6877FBD42BE} = {DB317E0F-78F0-40A8-BCEF-BC140975C2EA}
		{5E88237A-28E3-4B32-A9AA-494AED474F13} = {0B55A96F-CE73-4AFE-919E-650B3543D0C9}
		{5AD9A916-409A-4E90-A5B4-605FCE631EF3} = {9F9F4080-04F3-455B-90F4-0AD7523939D8}
		{02258871-3259-4F94-94EB-BA92768B32BE} = {9F9F4080-04F3-455B-90F4-0AD7523939D8}
	EndGlobalSection
	GlobalSection(ExtensibilityGlobals) = postSolution
		SolutionGuid = {DBDD7DC9-76AE-4D8F-8370-FEC25D42F9BB}
	EndGlobalSection
EndGlobal
